// !$*UTF8*$!
{
	archiveVersion = 1;
	classes = {
	};
	objectVersion = 46;
	objects = {

/* Begin PBXBuildFile section */
		5587DCF01DEE7A5100104F4C /* AppDelegate.swift in Sources */ = {isa = PBXBuildFile; fileRef = 5587DCEF1DEE7A5100104F4C /* AppDelegate.swift */; };
		5587DCF21DEE7A5100104F4C /* ViewController.swift in Sources */ = {isa = PBXBuildFile; fileRef = 5587DCF11DEE7A5100104F4C /* ViewController.swift */; };
		5587DCF51DEE7A5100104F4C /* Main.storyboard in Resources */ = {isa = PBXBuildFile; fileRef = 5587DCF31DEE7A5100104F4C /* Main.storyboard */; };
		5587DCF71DEE7A5100104F4C /* Assets.xcassets in Resources */ = {isa = PBXBuildFile; fileRef = 5587DCF61DEE7A5100104F4C /* Assets.xcassets */; };
		5587DCFA1DEE7A5100104F4C /* LaunchScreen.storyboard in Resources */ = {isa = PBXBuildFile; fileRef = 5587DCF81DEE7A5100104F4C /* LaunchScreen.storyboard */; };
		5587DD021DEE7BE400104F4C /* SmallViewController.swift in Sources */ = {isa = PBXBuildFile; fileRef = 5587DD011DEE7BE400104F4C /* SmallViewController.swift */; };
/* End PBXBuildFile section */

/* Begin PBXFileReference section */
		5587DCEC1DEE7A5100104F4C /* ControllerContainment.app */ = {isa = PBXFileReference; explicitFileType = wrapper.application; includeInIndex = 0; path = ControllerContainment.app; sourceTree = BUILT_PRODUCTS_DIR; };
		5587DCEF1DEE7A5100104F4C /* AppDelegate.swift */ = {isa = PBXFileReference; lastKnownFileType = sourcecode.swift; path = AppDelegate.swift; sourceTree = "<group>"; };
		5587DCF11DEE7A5100104F4C /* ViewController.swift */ = {isa = PBXFileReference; lastKnownFileType = sourcecode.swift; path = ViewController.swift; sourceTree = "<group>"; };
		5587DCF41DEE7A5100104F4C /* Base */ = {isa = PBXFileReference; lastKnownFileType = file.storyboard; name = Base; path = Base.lproj/Main.storyboard; sourceTree = "<group>"; };
		5587DCF61DEE7A5100104F4C /* Assets.xcassets */ = {isa = PBXFileReference; lastKnownFileType = folder.assetcatalog; path = Assets.xcassets; sourceTree = "<group>"; };
		5587DCF91DEE7A5100104F4C /* Base */ = {isa = PBXFileReference; lastKnownFileType = file.storyboard; name = Base; path = Base.lproj/LaunchScreen.storyboard; sourceTree = "<group>"; };
		5587DCFB1DEE7A5100104F4C /* Info.plist */ = {isa = PBXFileReference; lastKnownFileType = text.plist.xml; path = Info.plist; sourceTree = "<group>"; };
		5587DD011DEE7BE400104F4C /* SmallViewController.swift */ = {isa = PBXFileReference; fileEncoding = 4; lastKnownFileType = sourcecode.swift; path = SmallViewController.swift; sourceTree = "<group>"; };
/* End PBXFileReference section */

/* Begin PBXFrameworksBuildPhase section */
		5587DCE91DEE7A5100104F4C /* Frameworks */ = {
			isa = PBXFrameworksBuildPhase;
			buildActionMask = 2147483647;
			files = (
			);
			runOnlyForDeploymentPostprocessing = 0;
		};
/* End PBXFrameworksBuildPhase section */

/* Begin PBXGroup section */
		5587DCE31DEE7A5100104F4C = {
			isa = PBXGroup;
			children = (
				5587DCEE1DEE7A5100104F4C /* ControllerContainment */,
				5587DCED1DEE7A5100104F4C /* Products */,
			);
			sourceTree = "<group>";
		};
		5587DCED1DEE7A5100104F4C /* Products */ = {
			isa = PBXGroup;
			children = (
				5587DCEC1DEE7A5100104F4C /* ControllerContainment.app */,
			);
			name = Products;
			sourceTree = "<group>";
		};
		5587DCEE1DEE7A5100104F4C /* ControllerContainment */ = {
			isa = PBXGroup;
			children = (
				5587DCEF1DEE7A5100104F4C /* AppDelegate.swift */,
				5587DCF11DEE7A5100104F4C /* ViewController.swift */,
				5587DD011DEE7BE400104F4C /* SmallViewController.swift */,
				5587DCF31DEE7A5100104F4C /* Main.storyboard */,
				5587DCF61DEE7A5100104F4C /* Assets.xcassets */,
				5587DCF81DEE7A5100104F4C /* LaunchScreen.storyboard */,
				5587DCFB1DEE7A5100104F4C /* Info.plist */,
			);
			path = ControllerContainment;
			sourceTree = "<group>";
		};
/* End PBXGroup section */

/* Begin PBXNativeTarget section */
		5587DCEB1DEE7A5100104F4C /* ControllerContainment */ = {
			isa = PBXNativeTarget;
			buildConfigurationList = 5587DCFE1DEE7A5100104F4C /* Build configuration list for PBXNativeTarget "ControllerContainment" */;
			buildPhases = (
				5587DCE81DEE7A5100104F4C /* Sources */,
				5587DCE91DEE7A5100104F4C /* Frameworks */,
				5587DCEA1DEE7A5100104F4C /* Resources */,
			);
			buildRules = (
			);
			dependencies = (
			);
			name = ControllerContainment;
			productName = ControllerContainment;
			productReference = 5587DCEC1DEE7A5100104F4C /* ControllerContainment.app */;
			productType = "com.apple.product-type.application";
		};
/* End PBXNativeTarget section */

/* Begin PBXProject section */
		5587DCE41DEE7A5100104F4C /* Project object */ = {
			isa = PBXProject;
			attributes = {
				LastSwiftUpdateCheck = 0800;
				LastUpgradeCheck = 0800;
				ORGANIZATIONNAME = "Sergio Utama";
				TargetAttributes = {
					5587DCEB1DEE7A5100104F4C = {
						CreatedOnToolsVersion = 8.0;
						DevelopmentTeam = 4Q3ET7W23X;
						ProvisioningStyle = Automatic;
					};
				};
			};
			buildConfigurationList = 5587DCE71DEE7A5100104F4C /* Build configuration list for PBXProject "ControllerContainment" */;
			compatibilityVersion = "Xcode 3.2";
			developmentRegion = English;
			hasScannedForEncodings = 0;
			knownRegions = (
				en,
				Base,
			);
			mainGroup = 5587DCE31DEE7A5100104F4C;
			productRefGroup = 5587DCED1DEE7A5100104F4C /* Products */;
			projectDirPath = "";
			projectRoot = "";
			targets = (
				5587DCEB1DEE7A5100104F4C /* ControllerContainment */,
			);
		};
/* End PBXProject section */

/* Begin PBXResourcesBuildPhase section */
		5587DCEA1DEE7A5100104F4C /* Resources */ = {
			isa = PBXResourcesBuildPhase;
			buildActionMask = 2147483647;
			files = (
				5587DCFA1DEE7A5100104F4C /* LaunchScreen.storyboard in Resources */,
				5587DCF71DEE7A5100104F4C /* Assets.xcassets in Resources */,
				5587DCF51DEE7A5100104F4C /* Main.storyboard in Resources */,
			);
			runOnlyForDeploymentPostprocessing = 0;
		};
/* End PBXResourcesBuildPhase section */

/* Begin PBXSourcesBuildPhase section */
		5587DCE81DEE7A5100104F4C /* Sources */ = {
			isa = PBXSourcesBuildPhase;
			buildActionMask = 2147483647;
			files = (
				5587DD021DEE7BE400104F4C /* SmallViewController.swift in Sources */,
				5587DCF21DEE7A5100104F4C /* ViewController.swift in Sources */,
				5587DCF01DEE7A5100104F4C /* AppDelegate.swift in Sources */,
			);
			runOnlyForDeploymentPostprocessing = 0;
		};
/* End PBXSourcesBuildPhase section */

/* Begin PBXVariantGroup section */
		5587DCF31DEE7A5100104F4C /* Main.storyboard */ = {
			isa = PBXVariantGroup;
			children = (
				5587DCF41DEE7A5100104F4C /* Base */,
			);
			name = Main.storyboard;
			sourceTree = "<group>";
		};
		5587DCF81DEE7A5100104F4C /* LaunchScreen.storyboard */ = {
			isa = PBXVariantGroup;
			children = (
				5587DCF91DEE7A5100104F4C /* Base */,
			);
			name = LaunchScreen.storyboard;
			sourceTree = "<group>";
		};
/* End PBXVariantGroup section */

/* Begin XCBuildConfiguration section */
		5587DCFC1DEE7A5100104F4C /* Debug */ = {
			isa = XCBuildConfiguration;
			buildSettings = {
				ALWAYS_SEARCH_USER_PATHS = NO;
				CLANG_ANALYZER_NONNULL = YES;
				CLANG_CXX_LANGUAGE_STANDARD = "gnu++0x";
				CLANG_CXX_LIBRARY = "libc++";
				CLANG_ENABLE_MODULES = YES;
				CLANG_ENABLE_OBJC_ARC = YES;
				CLANG_WARN_BOOL_CONVERSION = YES;
				CLANG_WARN_CONSTANT_CONVERSION = YES;
				CLANG_WARN_DIRECT_OBJC_ISA_USAGE = YES_ERROR;
				CLANG_WARN_DOCUMENTATION_COMMENTS = YES;
				CLANG_WARN_EMPTY_BODY = YES;
				CLANG_WARN_ENUM_CONVERSION = YES;
				CLANG_WARN_INFINITE_RECURSION = YES;
				CLANG_WARN_INT_CONVERSION = YES;
				CLANG_WARN_OBJC_ROOT_CLASS = YES_ERROR;
				CLANG_WARN_SUSPICIOUS_MOVES = YES;
				CLANG_WARN_UNREACHABLE_CODE = YES;
				CLANG_WARN__DUPLICATE_METHOD_MATCH = YES;
				"CODE_SIGN_IDENTITY[sdk=iphoneos*]" = "iPhone Developer";
				COPY_PHASE_STRIP = NO;
				DEBUG_INFORMATION_FORMAT = dwarf;
				ENABLE_STRICT_OBJC_MSGSEND = YES;
				ENABLE_TESTABILITY = YES;
				GCC_C_LANGUAGE_STANDARD = gnu99;
				GCC_DYNAMIC_NO_PIC = NO;
				GCC_NO_COMMON_BLOCKS = YES;
				GCC_OPTIMIZATION_LEVEL = 0;
				GCC_PREPROCESSOR_DEFINITIONS = (
					"DEBUG=1",
					"$(inherited)",
				);
				GCC_WARN_64_TO_32_BIT_CONVERSION = YES;
				GCC_WARN_ABOUT_RETURN_TYPE = YES_ERROR;
				GCC_WARN_UNDECLARED_SELECTOR = YES;
				GCC_WARN_UNINITIALIZED_AUTOS = YES_AGGRESSIVE;
				GCC_WARN_UNUSED_FUNCTION = YES;
				GCC_WARN_UNUSED_VARIABLE = YES;
				IPHONEOS_DEPLOYMENT_TARGET = 10.0;
				MTL_ENABLE_DEBUG_INFO = YES;
				ONLY_ACTIVE_ARCH = YES;
				SDKROOT = iphoneos;
				SWIFT_ACTIVE_COMPILATION_CONDITIONS = DEBUG;
				SWIFT_OPTIMIZATION_LEVEL = "-Onone";
				TARGETED_DEVICE_FAMILY = "1,2";
			};
			name = Debug;
		};
		5587DCFD1DEE7A5100104F4C /* Release */ = {
			isa = XCBuildConfiguration;
			buildSettings = {
				ALWAYS_SEARCH_USER_PATHS = NO;
				CLANG_ANALYZER_NONNULL = YES;
				CLANG_CXX_LANGUAGE_STANDARD = "gnu++0x";
				CLANG_CXX_LIBRARY = "libc++";
				CLANG_ENABLE_MODULES = YES;
				CLANG_ENABLE_OBJC_ARC = YES;
				CLANG_WARN_BOOL_CONVERSION = YES;
				CLANG_WARN_CONSTANT_CONVERSION = YES;
				CLANG_WARN_DIRECT_OBJC_ISA_USAGE = YES_ERROR;
				CLANG_WARN_DOCUMENTATION_COMMENTS = YES;
				CLANG_WARN_EMPTY_BODY = YES;
				CLANG_WARN_ENUM_CONVERSION = YES;
				CLANG_WARN_INFINITE_RECURSION = YES;
				CLANG_WARN_INT_CONVERSION = YES;
				CLANG_WARN_OBJC_ROOT_CLASS = YES_ERROR;
				CLANG_WARN_SUSPICIOUS_MOVES = YES;
				CLANG_WARN_UNREACHABLE_CODE = YES;
				CLANG_WARN__DUPLICATE_METHOD_MATCH = YES;
				"CODE_SIGN_IDENTITY[sdk=iphoneos*]" = "iPhone Developer";
				COPY_PHASE_STRIP = NO;
				DEBUG_INFORMATION_FORMAT = "dwarf-with-dsym";
				ENABLE_NS_ASSERTIONS = NO;
				ENABLE_STRICT_OBJC_MSGSEND = YES;
				GCC_C_LANGUAGE_STANDARD = gnu99;
				GCC_NO_COMMON_BLOCKS = YES;
				GCC_WARN_64_TO_32_BIT_CONVERSION = YES;
				GCC_WARN_ABOUT_RETURN_TYPE = YES_ERROR;
				GCC_WARN_UNDECLARED_SELECTOR = YES;
				GCC_WARN_UNINITIALIZED_AUTOS = YES_AGGRESSIVE;
				GCC_WARN_UNUSED_FUNCTION = YES;
				GCC_WARN_UNUSED_VARIABLE = YES;
				IPHONEOS_DEPLOYMENT_TARGET = 10.0;
				MTL_ENABLE_DEBUG_INFO = NO;
				SDKROOT = iphoneos;
				SWIFT_OPTIMIZATION_LEVEL = "-Owholemodule";
				TARGETED_DEVICE_FAMILY = "1,2";
				VALIDATE_PRODUCT = YES;
			};
			name = Release;
		};
		5587DCFF1DEE7A5100104F4C /* Debug */ = {
			isa = XCBuildConfiguration;
			buildSettings = {
				ASSETCATALOG_COMPILER_APPICON_NAME = AppIcon;
				DEVELOPMENT_TEAM = 4Q3ET7W23X;
				INFOPLIST_FILE = ControllerContainment/Info.plist;
				LD_RUNPATH_SEARCH_PATHS = "$(inherited) @executable_path/Frameworks";
				PRODUCT_BUNDLE_IDENTIFIER = com.sergioutama.ControllerContainment;
				PRODUCT_NAME = "$(TARGET_NAME)";
				SWIFT_VERSION = 3.0;
			};
			name = Debug;
		};
		5587DD001DEE7A5100104F4C /* Release */ = {
			isa = XCBuildConfiguration;
			buildSettings = {
				ASSETCATALOG_COMPILER_APPICON_NAME = AppIcon;
				DEVELOPMENT_TEAM = 4Q3ET7W23X;
				INFOPLIST_FILE = ControllerContainment/Info.plist;
				LD_RUNPATH_SEARCH_PATHS = "$(inherited) @executable_path/Frameworks";
				PRODUCT_BUNDLE_IDENTIFIER = com.sergioutama.ControllerContainment;
				PRODUCT_NAME = "$(TARGET_NAME)";
				SWIFT_VERSION = 3.0;
			};
			name = Release;
		};
/* End XCBuildConfiguration section */

/* Begin XCConfigurationList section */
		5587DCE71DEE7A5100104F4C /* Build configuration list for PBXProject "ControllerContainment" */ = {
			isa = XCConfigurationList;
			buildConfigurations = (
				5587DCFC1DEE7A5100104F4C /* Debug */,
				5587DCFD1DEE7A5100104F4C /* Release */,
			);
			defaultConfigurationIsVisible = 0;
			defaultConfigurationName = Release;
		};
		5587DCFE1DEE7A5100104F4C /* Build configuration list for PBXNativeTarget "ControllerContainment" */ = {
			isa = XCConfigurationList;
			buildConfigurations = (
				5587DCFF1DEE7A5100104F4C /* Debug */,
				5587DD001DEE7A5100104F4C /* Release */,
			);
			defaultConfigurationIsVisible = 0;
		};
/* End XCConfigurationList section */
	};
	rootObject = 5587DCE41DEE7A5100104F4C /* Project object */;
}
